// !$*UTF8*$!
{
	archiveVersion = 1;
	classes = {
	};
	objectVersion = 50;
	objects = {

/* Begin PBXBuildFile section */
		01FADD62226CDA990098439E /* AppDelegate.m in Sources */ = {isa = PBXBuildFile; fileRef = 01FADD61226CDA990098439E /* AppDelegate.m */; };
		01FADD65226CDA990098439E /* ViewController.m in Sources */ = {isa = PBXBuildFile; fileRef = 01FADD64226CDA990098439E /* ViewController.m */; };
		01FADD68226CDA990098439E /* Main.storyboard in Resources */ = {isa = PBXBuildFile; fileRef = 01FADD66226CDA990098439E /* Main.storyboard */; };
		01FADD6A226CDA9A0098439E /* Assets.xcassets in Resources */ = {isa = PBXBuildFile; fileRef = 01FADD69226CDA9A0098439E /* Assets.xcassets */; };
		01FADD6D226CDA9A0098439E /* LaunchScreen.storyboard in Resources */ = {isa = PBXBuildFile; fileRef = 01FADD6B226CDA9A0098439E /* LaunchScreen.storyboard */; };
		01FADD70226CDA9A0098439E /* main.m in Sources */ = {isa = PBXBuildFile; fileRef = 01FADD6F226CDA9A0098439E /* main.m */; };
		01FADD78226CDEAE0098439E /* TableViewCell.m in Sources */ = {isa = PBXBuildFile; fileRef = 01FADD77226CDEAE0098439E /* TableViewCell.m */; };
		29E40CF00F3ADB127C49CFE6 /* libPods-WillDisplayCell.a in Frameworks */ = {isa = PBXBuildFile; fileRef = CFCE34777D9B9997F0772BA7 /* libPods-WillDisplayCell.a */; };
/* End PBXBuildFile section */

/* Begin PBXFileReference section */
		01FADD5D226CDA990098439E /* WillDisplayCell.app */ = {isa = PBXFileReference; explicitFileType = wrapper.application; includeInIndex = 0; path = WillDisplayCell.app; sourceTree = BUILT_PRODUCTS_DIR; };
		01FADD60226CDA990098439E /* AppDelegate.h */ = {isa = PBXFileReference; lastKnownFileType = sourcecode.c.h; path = AppDelegate.h; sourceTree = "<group>"; };
		01FADD61226CDA990098439E /* AppDelegate.m */ = {isa = PBXFileReference; lastKnownFileType = sourcecode.c.objc; path = AppDelegate.m; sourceTree = "<group>"; };
		01FADD63226CDA990098439E /* ViewController.h */ = {isa = PBXFileReference; lastKnownFileType = sourcecode.c.h; path = ViewController.h; sourceTree = "<group>"; };
		01FADD64226CDA990098439E /* ViewController.m */ = {isa = PBXFileReference; lastKnownFileType = sourcecode.c.objc; path = ViewController.m; sourceTree = "<group>"; };
		01FADD67226CDA990098439E /* Base */ = {isa = PBXFileReference; lastKnownFileType = file.storyboard; name = Base; path = Base.lproj/Main.storyboard; sourceTree = "<group>"; };
		01FADD69226CDA9A0098439E /* Assets.xcassets */ = {isa = PBXFileReference; lastKnownFileType = folder.assetcatalog; path = Assets.xcassets; sourceTree = "<group>"; };
		01FADD6C226CDA9A0098439E /* Base */ = {isa = PBXFileReference; lastKnownFileType = file.storyboard; name = Base; path = Base.lproj/LaunchScreen.storyboard; sourceTree = "<group>"; };
		01FADD6E226CDA9A0098439E /* Info.plist */ = {isa = PBXFileReference; lastKnownFileType = text.plist.xml; path = Info.plist; sourceTree = "<group>"; };
		01FADD6F226CDA9A0098439E /* main.m */ = {isa = PBXFileReference; lastKnownFileType = sourcecode.c.objc; path = main.m; sourceTree = "<group>"; };
		01FADD76226CDEAE0098439E /* TableViewCell.h */ = {isa = PBXFileReference; lastKnownFileType = sourcecode.c.h; path = TableViewCell.h; sourceTree = "<group>"; };
		01FADD77226CDEAE0098439E /* TableViewCell.m */ = {isa = PBXFileReference; lastKnownFileType = sourcecode.c.objc; path = TableViewCell.m; sourceTree = "<group>"; };
		6529CE1F84E877D6A9CC895B /* Pods-WillDisplayCell.debug.xcconfig */ = {isa = PBXFileReference; includeInIndex = 1; lastKnownFileType = text.xcconfig; name = "Pods-WillDisplayCell.debug.xcconfig"; path = "Target Support Files/Pods-WillDisplayCell/Pods-WillDisplayCell.debug.xcconfig"; sourceTree = "<group>"; };
		C1E01CDAF2DC1202CA51D84F /* Pods-WillDisplayCell.release.xcconfig */ = {isa = PBXFileReference; includeInIndex = 1; lastKnownFileType = text.xcconfig; name = "Pods-WillDisplayCell.release.xcconfig"; path = "Target Support Files/Pods-WillDisplayCell/Pods-WillDisplayCell.release.xcconfig"; sourceTree = "<group>"; };
		CFCE34777D9B9997F0772BA7 /* libPods-WillDisplayCell.a */ = {isa = PBXFileReference; explicitFileType = archive.ar; includeInIndex = 0; path = "libPods-WillDisplayCell.a"; sourceTree = BUILT_PRODUCTS_DIR; };
/* End PBXFileReference section */

/* Begin PBXFrameworksBuildPhase section */
		01FADD5A226CDA990098439E /* Frameworks */ = {
			isa = PBXFrameworksBuildPhase;
			buildActionMask = 2147483647;
			files = (
				29E40CF00F3ADB127C49CFE6 /* libPods-WillDisplayCell.a in Frameworks */,
			);
			runOnlyForDeploymentPostprocessing = 0;
		};
/* End PBXFrameworksBuildPhase section */

/* Begin PBXGroup section */
		01FADD54226CDA990098439E = {
			isa = PBXGroup;
			children = (
				01FADD5F226CDA990098439E /* WillDisplayCell */,
				01FADD5E226CDA990098439E /* Products */,
				EEAC63341FD5CC9BA0B9FB76 /* Pods */,
				EA444CB7A5D0262B772B3100 /* Frameworks */,
			);
			sourceTree = "<group>";
		};
		01FADD5E226CDA990098439E /* Products */ = {
			isa = PBXGroup;
			children = (
				01FADD5D226CDA990098439E /* WillDisplayCell.app */,
			);
			name = Products;
			sourceTree = "<group>";
		};
		01FADD5F226CDA990098439E /* WillDisplayCell */ = {
			isa = PBXGroup;
			children = (
				01FADD60226CDA990098439E /* AppDelegate.h */,
				01FADD61226CDA990098439E /* AppDelegate.m */,
				01FADD63226CDA990098439E /* ViewController.h */,
				01FADD64226CDA990098439E /* ViewController.m */,
				01FADD76226CDEAE0098439E /* TableViewCell.h */,
				01FADD77226CDEAE0098439E /* TableViewCell.m */,
				01FADD66226CDA990098439E /* Main.storyboard */,
				01FADD69226CDA9A0098439E /* Assets.xcassets */,
				01FADD6B226CDA9A0098439E /* LaunchScreen.storyboard */,
				01FADD6E226CDA9A0098439E /* Info.plist */,
				01FADD6F226CDA9A0098439E /* main.m */,
			);
			path = WillDisplayCell;
			sourceTree = "<group>";
		};
		EA444CB7A5D0262B772B3100 /* Frameworks */ = {
			isa = PBXGroup;
			children = (
				CFCE34777D9B9997F0772BA7 /* libPods-WillDisplayCell.a */,
			);
			name = Frameworks;
			sourceTree = "<group>";
		};
		EEAC63341FD5CC9BA0B9FB76 /* Pods */ = {
			isa = PBXGroup;
			children = (
				6529CE1F84E877D6A9CC895B /* Pods-WillDisplayCell.debug.xcconfig */,
				C1E01CDAF2DC1202CA51D84F /* Pods-WillDisplayCell.release.xcconfig */,
			);
			path = Pods;
			sourceTree = "<group>";
		};
/* End PBXGroup section */

/* Begin PBXNativeTarget section */
		01FADD5C226CDA990098439E /* WillDisplayCell */ = {
			isa = PBXNativeTarget;
			buildConfigurationList = 01FADD73226CDA9A0098439E /* Build configuration list for PBXNativeTarget "WillDisplayCell" */;
			buildPhases = (
				EB524D82BB62E21DD3495C2A /* [CP] Check Pods Manifest.lock */,
				01FADD59226CDA990098439E /* Sources */,
				01FADD5A226CDA990098439E /* Frameworks */,
				01FADD5B226CDA990098439E /* Resources */,
			);
			buildRules = (
			);
			dependencies = (
			);
			name = WillDisplayCell;
			productName = WillDisplayCell;
			productReference = 01FADD5D226CDA990098439E /* WillDisplayCell.app */;
			productType = "com.apple.product-type.application";
		};
/* End PBXNativeTarget section */

/* Begin PBXProject section */
		01FADD55226CDA990098439E /* Project object */ = {
			isa = PBXProject;
			attributes = {
				LastUpgradeCheck = 1020;
				ORGANIZATIONNAME = "Aleksandr Sychev";
				TargetAttributes = {
					01FADD5C226CDA990098439E = {
						CreatedOnToolsVersion = 10.2;
					};
				};
			};
			buildConfigurationList = 01FADD58226CDA990098439E /* Build configuration list for PBXProject "WillDisplayCell" */;
			compatibilityVersion = "Xcode 9.3";
			developmentRegion = en;
			hasScannedForEncodings = 0;
			knownRegions = (
				en,
				Base,
			);
			mainGroup = 01FADD54226CDA990098439E;
			productRefGroup = 01FADD5E226CDA990098439E /* Products */;
			projectDirPath = "";
			projectRoot = "";
			targets = (
				01FADD5C226CDA990098439E /* WillDisplayCell */,
			);
		};
/* End PBXProject section */

/* Begin PBXResourcesBuildPhase section */
		01FADD5B226CDA990098439E /* Resources */ = {
			isa = PBXResourcesBuildPhase;
			buildActionMask = 2147483647;
			files = (
				01FADD6D226CDA9A0098439E /* LaunchScreen.storyboard in Resources */,
				01FADD6A226CDA9A0098439E /* Assets.xcassets in Resources */,
				01FADD68226CDA990098439E /* Main.storyboard in Resources */,
			);
			runOnlyForDeploymentPostprocessing = 0;
		};
/* End PBXResourcesBuildPhase section */

/* Begin PBXShellScriptBuildPhase section */
		EB524D82BB62E21DD3495C2A /* [CP] Check Pods Manifest.lock */ = {
			isa = PBXShellScriptBuildPhase;
			buildActionMask = 2147483647;
			files = (
			);
			inputFileListPaths = (
			);
			inputPaths = (
				"${PODS_PODFILE_DIR_PATH}/Podfile.lock",
				"${PODS_ROOT}/Manifest.lock",
			);
			name = "[CP] Check Pods Manifest.lock";
			outputFileListPaths = (
			);
			outputPaths = (
				"$(DERIVED_FILE_DIR)/Pods-WillDisplayCell-checkManifestLockResult.txt",
			);
			runOnlyForDeploymentPostprocessing = 0;
			shellPath = /bin/sh;
			shellScript = "diff \"${PODS_PODFILE_DIR_PATH}/Podfile.lock\" \"${PODS_ROOT}/Manifest.lock\" > /dev/null\nif [ $? != 0 ] ; then\n    # print error to STDERR\n    echo \"error: The sandbox is not in sync with the Podfile.lock. Run 'pod install' or update your CocoaPods installation.\" >&2\n    exit 1\nfi\n# This output is used by Xcode 'outputs' to avoid re-running this script phase.\necho \"SUCCESS\" > \"${SCRIPT_OUTPUT_FILE_0}\"\n";
			showEnvVarsInLog = 0;
		};
/* End PBXShellScriptBuildPhase section */

/* Begin PBXSourcesBuildPhase section */
		01FADD59226CDA990098439E /* Sources */ = {
			isa = PBXSourcesBuildPhase;
			buildActionMask = 2147483647;
			files = (
				01FADD65226CDA990098439E /* ViewController.m in Sources */,
				01FADD78226CDEAE0098439E /* TableViewCell.m in Sources */,
				01FADD70226CDA9A0098439E /* main.m in Sources */,
				01FADD62226CDA990098439E /* AppDelegate.m in Sources */,
			);
			runOnlyForDeploymentPostprocessing = 0;
		};
/* End PBXSourcesBuildPhase section */

/* Begin PBXVariantGroup section */
		01FADD66226CDA990098439E /* Main.storyboard */ = {
			isa = PBXVariantGroup;
			children = (
				01FADD67226CDA990098439E /* Base */,
			);
			name = Main.storyboard;
			sourceTree = "<group>";
		};
		01FADD6B226CDA9A0098439E /* LaunchScreen.storyboard */ = {
			isa = PBXVariantGroup;
			children = (
				01FADD6C226CDA9A0098439E /* Base */,
			);
			name = LaunchScreen.storyboard;
			sourceTree = "<group>";
		};
/* End PBXVariantGroup section */

/* Begin XCBuildConfiguration section */
		01FADD71226CDA9A0098439E /* Debug */ = {
			isa = XCBuildConfiguration;
			buildSettings = {
				ALWAYS_SEARCH_USER_PATHS = NO;
				CLANG_ANALYZER_NONNULL = YES;
				CLANG_ANALYZER_NUMBER_OBJECT_CONVERSION = YES_AGGRESSIVE;
				CLANG_CXX_LANGUAGE_STANDARD = "gnu++14";
				CLANG_CXX_LIBRARY = "libc++";
				CLANG_ENABLE_MODULES = YES;
				CLANG_ENABLE_OBJC_ARC = YES;
				CLANG_ENABLE_OBJC_WEAK = YES;
				CLANG_WARN_BLOCK_CAPTURE_AUTORELEASING = YES;
				CLANG_WARN_BOOL_CONVERSION = YES;
				CLANG_WARN_COMMA = YES;
				CLANG_WARN_CONSTANT_CONVERSION = YES;
				CLANG_WARN_DEPRECATED_OBJC_IMPLEMENTATIONS = YES;
				CLANG_WARN_DIRECT_OBJC_ISA_USAGE = YES_ERROR;
				CLANG_WARN_DOCUMENTATION_COMMENTS = YES;
				CLANG_WARN_EMPTY_BODY = YES;
				CLANG_WARN_ENUM_CONVERSION = YES;
				CLANG_WARN_INFINITE_RECURSION = YES;
				CLANG_WARN_INT_CONVERSION = YES;
				CLANG_WARN_NON_LITERAL_NULL_CONVERSION = YES;
				CLANG_WARN_OBJC_IMPLICIT_RETAIN_SELF = YES;
				CLANG_WARN_OBJC_LITERAL_CONVERSION = YES;
				CLANG_WARN_OBJC_ROOT_CLASS = YES_ERROR;
				CLANG_WARN_RANGE_LOOP_ANALYSIS = YES;
				CLANG_WARN_STRICT_PROTOTYPES = YES;
				CLANG_WARN_SUSPICIOUS_MOVE = YES;
				CLANG_WARN_UNGUARDED_AVAILABILITY = YES_AGGRESSIVE;
				CLANG_WARN_UNREACHABLE_CODE = YES;
				CLANG_WARN__DUPLICATE_METHOD_MATCH = YES;
				CODE_SIGN_IDENTITY = "iPhone Developer";
				COPY_PHASE_STRIP = NO;
				DEBUG_INFORMATION_FORMAT = dwarf;
				ENABLE_STRICT_OBJC_MSGSEND = YES;
				ENABLE_TESTABILITY = YES;
				GCC_C_LANGUAGE_STANDARD = gnu11;
				GCC_DYNAMIC_NO_PIC = NO;
				GCC_NO_COMMON_BLOCKS = YES;
				GCC_OPTIMIZATION_LEVEL = 0;
				GCC_PREPROCESSOR_DEFINITIONS = (
					"DEBUG=1",
					"$(inherited)",
				);
				GCC_WARN_64_TO_32_BIT_CONVERSION = YES;
				GCC_WARN_ABOUT_RETURN_TYPE = YES_ERROR;
				GCC_WARN_UNDECLARED_SELECTOR = YES;
				GCC_WARN_UNINITIALIZED_AUTOS = YES_AGGRESSIVE;
				GCC_WARN_UNUSED_FUNCTION = YES;
				GCC_WARN_UNUSED_VARIABLE = YES;
				IPHONEOS_DEPLOYMENT_TARGET = 9.0;
				MTL_ENABLE_DEBUG_INFO = INCLUDE_SOURCE;
				MTL_FAST_MATH = YES;
				ONLY_ACTIVE_ARCH = YES;
				SDKROOT = iphoneos;
			};
			name = Debug;
		};
		01FADD72226CDA9A0098439E /* Release */ = {
			isa = XCBuildConfiguration;
			buildSettings = {
				ALWAYS_SEARCH_USER_PATHS = NO;
				CLANG_ANALYZER_NONNULL = YES;
				CLANG_ANALYZER_NUMBER_OBJECT_CONVERSION = YES_AGGRESSIVE;
				CLANG_CXX_LANGUAGE_STANDARD = "gnu++14";
				CLANG_CXX_LIBRARY = "libc++";
				CLANG_ENABLE_MODULES = YES;
				CLANG_ENABLE_OBJC_ARC = YES;
				CLANG_ENABLE_OBJC_WEAK = YES;
				CLANG_WARN_BLOCK_CAPTURE_AUTORELEASING = YES;
				CLANG_WARN_BOOL_CONVERSION = YES;
				CLANG_WARN_COMMA = YES;
				CLANG_WARN_CONSTANT_CONVERSION = YES;
				CLANG_WARN_DEPRECATED_OBJC_IMPLEMENTATIONS = YES;
				CLANG_WARN_DIRECT_OBJC_ISA_USAGE = YES_ERROR;
				CLANG_WARN_DOCUMENTATION_COMMENTS = YES;
				CLANG_WARN_EMPTY_BODY = YES;
				CLANG_WARN_ENUM_CONVERSION = YES;
				CLANG_WARN_INFINITE_RECURSION = YES;
				CLANG_WARN_INT_CONVERSION = YES;
				CLANG_WARN_NON_LITERAL_NULL_CONVERSION = YES;
				CLANG_WARN_OBJC_IMPLICIT_RETAIN_SELF = YES;
				CLANG_WARN_OBJC_LITERAL_CONVERSION = YES;
				CLANG_WARN_OBJC_ROOT_CLASS = YES_ERROR;
				CLANG_WARN_RANGE_LOOP_ANALYSIS = YES;
				CLANG_WARN_STRICT_PROTOTYPES = YES;
				CLANG_WARN_SUSPICIOUS_MOVE = YES;
				CLANG_WARN_UNGUARDED_AVAILABILITY = YES_AGGRESSIVE;
				CLANG_WARN_UNREACHABLE_CODE = YES;
				CLANG_WARN__DUPLICATE_METHOD_MATCH = YES;
				CODE_SIGN_IDENTITY = "iPhone Developer";
				COPY_PHASE_STRIP = NO;
				DEBUG_INFORMATION_FORMAT = "dwarf-with-dsym";
				ENABLE_NS_ASSERTIONS = NO;
				ENABLE_STRICT_OBJC_MSGSEND = YES;
				GCC_C_LANGUAGE_STANDARD = gnu11;
				GCC_NO_COMMON_BLOCKS = YES;
				GCC_WARN_64_TO_32_BIT_CONVERSION = YES;
				GCC_WARN_ABOUT_RETURN_TYPE = YES_ERROR;
				GCC_WARN_UNDECLARED_SELECTOR = YES;
				GCC_WARN_UNINITIALIZED_AUTOS = YES_AGGRESSIVE;
				GCC_WARN_UNUSED_FUNCTION = YES;
				GCC_WARN_UNUSED_VARIABLE = YES;
				IPHONEOS_DEPLOYMENT_TARGET = 9.0;
				MTL_ENABLE_DEBUG_INFO = NO;
				MTL_FAST_MATH = YES;
				SDKROOT = iphoneos;
				VALIDATE_PRODUCT = YES;
			};
			name = Release;
		};
		01FADD74226CDA9A0098439E /* Debug */ = {
			isa = XCBuildConfiguration;
			baseConfigurationReference = 6529CE1F84E877D6A9CC895B /* Pods-WillDisplayCell.debug.xcconfig */;
			buildSettings = {
				ASSETCATALOG_COMPILER_APPICON_NAME = AppIcon;
				CODE_SIGN_STYLE = Automatic;
				DEVELOPMENT_TEAM = PGP9B73897;
				INFOPLIST_FILE = WillDisplayCell/Info.plist;
				LD_RUNPATH_SEARCH_PATHS = (
					"$(inherited)",
					"@executable_path/Frameworks",
				);
				PRODUCT_BUNDLE_IDENTIFIER = ru.asychev.WillDisplayCell;
				PRODUCT_NAME = "$(TARGET_NAME)";
				TARGETED_DEVICE_FAMILY = 1;
			};
			name = Debug;
		};
		01FADD75226CDA9A0098439E /* Release */ = {
			isa = XCBuildConfiguration;
			baseConfigurationReference = C1E01CDAF2DC1202CA51D84F /* Pods-WillDisplayCell.release.xcconfig */;
			buildSettings = {
				ASSETCATALOG_COMPILER_APPICON_NAME = AppIcon;
				CODE_SIGN_STYLE = Automatic;
				DEVELOPMENT_TEAM = PGP9B73897;
				INFOPLIST_FILE = WillDisplayCell/Info.plist;
				LD_RUNPATH_SEARCH_PATHS = (
					"$(inherited)",
					"@executable_path/Frameworks",
				);
				PRODUCT_BUNDLE_IDENTIFIER = ru.asychev.WillDisplayCell;
				PRODUCT_NAME = "$(TARGET_NAME)";
				TARGETED_DEVICE_FAMILY = 1;
			};
			name = Release;
		};
/* End XCBuildConfiguration section */

/* Begin XCConfigurationList section */
		01FADD58226CDA990098439E /* Build configuration list for PBXProject "WillDisplayCell" */ = {
			isa = XCConfigurationList;
			buildConfigurations = (
				01FADD71226CDA9A0098439E /* Debug */,
				01FADD72226CDA9A0098439E /* Release */,
			);
			defaultConfigurationIsVisible = 0;
			defaultConfigurationName = Release;
		};
		01FADD73226CDA9A0098439E /* Build configuration list for PBXNativeTarget "WillDisplayCell" */ = {
			isa = XCConfigurationList;
			buildConfigurations = (
				01FADD74226CDA9A0098439E /* Debug */,
				01FADD75226CDA9A0098439E /* Release */,
			);
			defaultConfigurationIsVisible = 0;
			defaultConfigurationName = Release;
		};
/* End XCConfigurationList section */
	};
	rootObject = 01FADD55226CDA990098439E /* Project object */;
}
